# This file was autogenerated by Stack.
# You should not edit this file by hand.
# For more information, please see the documentation at:
#   https://docs.haskellstack.org/en/stable/lock_files

packages:
- completed:
    hackage: logging-effect-1.3.13@sha256:d40a06bdaafb80fa88e361713cb8c75042f629c17b8de2aca974e9b395bd8189,1679
    pantry-tree:
      size: 330
      sha256: 25c33d66074fe177a27d226ed008742bb08227555114482546297c4a4877885b
  original:
    hackage: logging-effect-1.3.13@sha256:d40a06bdaafb80fa88e361713cb8c75042f629c17b8de2aca974e9b395bd8189,1679
snapshots:
- completed:
    size: 617355
    url: https://raw.githubusercontent.com/commercialhaskell/stackage-snapshots/master/lts/19/1.yaml
    sha256: cbd5e8593869445794924668479b5bd9f1738d075898623dceacc13b2576b6e3
  original:
    url: https://raw.githubusercontent.com/commercialhaskell/stackage-snapshots/master/lts/19/1.yaml
